# THIS IS AN AUTOGENERATED FILE. DO NOT EDIT THIS FILE DIRECTLY.
# yarn lockfile v1


bigint-crypto-utils@^2.4.2:
  version "2.4.7"
  resolved "https://registry.yarnpkg.com/bigint-crypto-utils/-/bigint-crypto-utils-2.4.7.tgz#42440aec8b9ef2ff17f1b322656e751cd172de78"
  integrity sha512-xncjGjacUIBKvUTPssNlXujY3kSyu9tM5g3j1sTG8lnj6E6iPnMG8sctB7F4WKhGyTdPD1KqYD5V8RH1c49pwA==

paillier-bigint@^2.0.0:
  version "2.0.0"
  resolved "https://registry.yarnpkg.com/paillier-bigint/-/paillier-bigint-2.0.0.tgz#6b95abd4523b16346dc4b178c857e532201246cf"
  integrity sha512-i3Uzb4FVDhYFz1J+Hyl5dem0c30buQ2DW7C7i/i4+8ANhtcgZYT9Zv0aeobgGudp+aYa0ZzLizDyrib1OZT4aA==
  dependencies:
    bigint-crypto-utils "^2.4.2"
